
Microsoft Visual Studio Solution File, Format Version 12.00
# Visual Studio Version 17
VisualStudioVersion = 17.4.33213.308
MinimumVisualStudioVersion = 10.0.40219.1
Project("{9A19103F-16F7-4668-BE54-9A1E7A4F7556}") = "RunCppTest", "RunCppTest\RunCppTest.csproj", "{D22A8A50-CD6A-4EDC-AA49-E9D5D38242DE}"
EndProject
Global
	GlobalSection(SolutionConfigurationPlatforms) = preSolution
		Debug|Any CPU = Debug|Any CPU
		Debug|x64 = Debug|x64
		Release|Any CPU = Release|Any CPU
		Release|x64 = Release|x64
	EndGlobalSection
	GlobalSection(ProjectConfigurationPlatforms) = postSolution
		{D22A8A50-CD6A-4EDC-AA49-E9D5D38242DE}.Debug|Any CPU.ActiveCfg = Debug|Any CPU
		{D22A8A50-CD6A-4EDC-AA49-E9D5D38242DE}.Debug|Any CPU.Build.0 = Debug|Any CPU
		{D22A8A50-CD6A-4EDC-AA49-E9D5D38242DE}.Debug|x64.ActiveCfg = Debug|x64
		{D22A8A50-CD6A-4EDC-AA49-E9D5D38242DE}.Debug|x64.Build.0 = Debug|x64
		{D22A8A50-CD6A-4EDC-AA49-E9D5D38242DE}.Release|Any CPU.ActiveCfg = Release|Any CPU
		{D22A8A50-CD6A-4EDC-AA49-E9D5D38242DE}.Release|Any CPU.Build.0 = Release|Any CPU
		{D22A8A50-CD6A-4EDC-AA49-E9D5D38242DE}.Release|x64.ActiveCfg = Release|x64
		{D22A8A50-CD6A-4EDC-AA49-E9D5D38242DE}.Release|x64.Build.0 = Release|x64
	EndGlobalSection
	GlobalSection(SolutionProperties) = preSolution
		HideSolutionNode = FALSE
	EndGlobalSection
	GlobalSection(ExtensibilityGlobals) = postSolution
		SolutionGuid = {DFE1A5EF-BEBB-49F9-AD89-ED3DF036E70E}
	EndGlobalSection
EndGlobal
